
Microsoft Visual Studio Solution File, Format Version 12.00
# Visual Studio 14
VisualStudioVersion = 14.0.25420.1
MinimumVisualStudioVersion = 10.0.40219.1
Project("{2150E333-8FDC-42A3-9474-1A3956D46DE8}") = "src", "src", "{32A7CB06-EED5-4BF4-9B25-E423577FE5CA}"
EndProject
Project("{2150E333-8FDC-42A3-9474-1A3956D46DE8}") = "Solution Items", "Solution Items", "{B732C964-0C88-442E-B3E6-6B7659B43D2E}"
	ProjectSection(SolutionItems) = preProject
		global.json = global.json
	EndProjectSection
EndProject
Project("{8BB2217D-0F2D-49D1-97BC-3654ED321F3B}") = "ConsoleApp2", "src\ConsoleApp2\ConsoleApp2.xproj", "{100C7FC1-07CA-42F9-BFA5-B16DC2A108F5}"
EndProject
Global
	GlobalSection(SolutionConfigurationPlatforms) = preSolution
		Debug|Any CPU = Debug|Any CPU
		Release|Any CPU = Release|Any CPU
	EndGlobalSection
	GlobalSection(ProjectConfigurationPlatforms) = postSolution
		{100C7FC1-07CA-42F9-BFA5-B16DC2A108F5}.Debug|Any CPU.ActiveCfg = Debug|Any CPU
		{100C7FC1-07CA-42F9-BFA5-B16DC2A108F5}.Debug|Any CPU.Build.0 = Debug|Any CPU
		{100C7FC1-07CA-42F9-BFA5-B16DC2A108F5}.Release|Any CPU.ActiveCfg = Release|Any CPU
		{100C7FC1-07CA-42F9-BFA5-B16DC2A108F5}.Release|Any CPU.Build.0 = Release|Any CPU
	EndGlobalSection
	GlobalSection(SolutionProperties) = preSolution
		HideSolutionNode = FALSE
	EndGlobalSection
	GlobalSection(NestedProjects) = preSolution
		{100C7FC1-07CA-42F9-BFA5-B16DC2A108F5} = {32A7CB06-EED5-4BF4-9B25-E423577FE5CA}
	EndGlobalSection
EndGlobal
